
Microsoft Visual Studio Solution File, Format Version 12.00
# Visual Studio Version 16
VisualStudioVersion = 16.0.29009.5
MinimumVisualStudioVersion = 10.0.40219.1
Project("{9A19103F-16F7-4668-BE54-9A1E7A4F7556}") = "LMS.Start", "LMS_Refacturing\LMS.Start.csproj", "{85CD2630-E712-4112-9216-EFDBEC25D003}"
EndProject
Project("{9A19103F-16F7-4668-BE54-9A1E7A4F7556}") = "LMS.Core", "LMS.Core\LMS.Core.csproj", "{F7CF29F0-3E5C-4966-BFD3-4C30D5BDA1D0}"
EndProject
Project("{9A19103F-16F7-4668-BE54-9A1E7A4F7556}") = "LMS.Models", "LMS.Models\LMS.Models.csproj", "{2704A382-C012-4C53-BF83-EF719D223C13}"
EndProject
Project("{9A19103F-16F7-4668-BE54-9A1E7A4F7556}") = "LMS.Contracts", "LMS.Interfaces\LMS.Contracts.csproj", "{DF18FFB7-E550-4890-9A87-A28BAACBC688}"
EndProject
Project("{9A19103F-16F7-4668-BE54-9A1E7A4F7556}") = "LMS.Services", "LMS.DataBase\LMS.Services.csproj", "{557B16CA-989A-45A1-8781-905652E10529}"
EndProject
Project("{9A19103F-16F7-4668-BE54-9A1E7A4F7556}") = "LMS.JasonDB", "LMS.JasonDB\LMS.JasonDB.csproj", "{C55A17A0-1CA5-4D4C-8743-2DD170BA1806}"
EndProject
Project("{FAE04EC0-301F-11D3-BF4B-00C04F79EFBC}") = "LMS.Generators", "LMS.Generators\LMS.Generators.csproj", "{195E4919-16D8-4D30-91C3-6538599D7F83}"
EndProject
Project("{FAE04EC0-301F-11D3-BF4B-00C04F79EFBC}") = "LMS.Tests", "LMS.Tests\LMS.Tests.csproj", "{BC6095B6-4A4A-40A5-B5C5-AB6C608C001D}"
EndProject
Global
	GlobalSection(SolutionConfigurationPlatforms) = preSolution
		Debug|Any CPU = Debug|Any CPU
		Release|Any CPU = Release|Any CPU
	EndGlobalSection
	GlobalSection(ProjectConfigurationPlatforms) = postSolution
		{85CD2630-E712-4112-9216-EFDBEC25D003}.Debug|Any CPU.ActiveCfg = Debug|Any CPU
		{85CD2630-E712-4112-9216-EFDBEC25D003}.Debug|Any CPU.Build.0 = Debug|Any CPU
		{85CD2630-E712-4112-9216-EFDBEC25D003}.Release|Any CPU.ActiveCfg = Release|Any CPU
		{85CD2630-E712-4112-9216-EFDBEC25D003}.Release|Any CPU.Build.0 = Release|Any CPU
		{F7CF29F0-3E5C-4966-BFD3-4C30D5BDA1D0}.Debug|Any CPU.ActiveCfg = Debug|Any CPU
		{F7CF29F0-3E5C-4966-BFD3-4C30D5BDA1D0}.Debug|Any CPU.Build.0 = Debug|Any CPU
		{F7CF29F0-3E5C-4966-BFD3-4C30D5BDA1D0}.Release|Any CPU.ActiveCfg = Release|Any CPU
		{F7CF29F0-3E5C-4966-BFD3-4C30D5BDA1D0}.Release|Any CPU.Build.0 = Release|Any CPU
		{2704A382-C012-4C53-BF83-EF719D223C13}.Debug|Any CPU.ActiveCfg = Debug|Any CPU
		{2704A382-C012-4C53-BF83-EF719D223C13}.Debug|Any CPU.Build.0 = Debug|Any CPU
		{2704A382-C012-4C53-BF83-EF719D223C13}.Release|Any CPU.ActiveCfg = Release|Any CPU
		{2704A382-C012-4C53-BF83-EF719D223C13}.Release|Any CPU.Build.0 = Release|Any CPU
		{DF18FFB7-E550-4890-9A87-A28BAACBC688}.Debug|Any CPU.ActiveCfg = Debug|Any CPU
		{DF18FFB7-E550-4890-9A87-A28BAACBC688}.Debug|Any CPU.Build.0 = Debug|Any CPU
		{DF18FFB7-E550-4890-9A87-A28BAACBC688}.Release|Any CPU.ActiveCfg = Release|Any CPU
		{DF18FFB7-E550-4890-9A87-A28BAACBC688}.Release|Any CPU.Build.0 = Release|Any CPU
		{557B16CA-989A-45A1-8781-905652E10529}.Debug|Any CPU.ActiveCfg = Debug|Any CPU
		{557B16CA-989A-45A1-8781-905652E10529}.Debug|Any CPU.Build.0 = Debug|Any CPU
		{557B16CA-989A-45A1-8781-905652E10529}.Release|Any CPU.ActiveCfg = Release|Any CPU
		{557B16CA-989A-45A1-8781-905652E10529}.Release|Any CPU.Build.0 = Release|Any CPU
		{C55A17A0-1CA5-4D4C-8743-2DD170BA1806}.Debug|Any CPU.ActiveCfg = Debug|Any CPU
		{C55A17A0-1CA5-4D4C-8743-2DD170BA1806}.Debug|Any CPU.Build.0 = Debug|Any CPU
		{C55A17A0-1CA5-4D4C-8743-2DD170BA1806}.Release|Any CPU.ActiveCfg = Release|Any CPU
		{C55A17A0-1CA5-4D4C-8743-2DD170BA1806}.Release|Any CPU.Build.0 = Release|Any CPU
		{195E4919-16D8-4D30-91C3-6538599D7F83}.Debug|Any CPU.ActiveCfg = Debug|Any CPU
		{195E4919-16D8-4D30-91C3-6538599D7F83}.Debug|Any CPU.Build.0 = Debug|Any CPU
		{195E4919-16D8-4D30-91C3-6538599D7F83}.Release|Any CPU.ActiveCfg = Release|Any CPU
		{195E4919-16D8-4D30-91C3-6538599D7F83}.Release|Any CPU.Build.0 = Release|Any CPU
		{BC6095B6-4A4A-40A5-B5C5-AB6C608C001D}.Debug|Any CPU.ActiveCfg = Debug|Any CPU
		{BC6095B6-4A4A-40A5-B5C5-AB6C608C001D}.Debug|Any CPU.Build.0 = Debug|Any CPU
		{BC6095B6-4A4A-40A5-B5C5-AB6C608C001D}.Release|Any CPU.ActiveCfg = Release|Any CPU
		{BC6095B6-4A4A-40A5-B5C5-AB6C608C001D}.Release|Any CPU.Build.0 = Release|Any CPU
	EndGlobalSection
	GlobalSection(SolutionProperties) = preSolution
		HideSolutionNode = FALSE
	EndGlobalSection
	GlobalSection(ExtensibilityGlobals) = postSolution
		SolutionGuid = {4A57F7B0-95D2-41B3-B9C4-E2F0D3AB03CE}
	EndGlobalSection
EndGlobal
